
Microsoft Visual Studio Solution File, Format Version 12.00
# Visual Studio Version 17
VisualStudioVersion = 17.1.32228.430
MinimumVisualStudioVersion = 10.0.40219.1
Project("{FAE04EC0-301F-11D3-BF4B-00C04F79EFBC}") = "HasuraAlgorandAuthWebHook", "HasuraAlgorandAuthWebHook\HasuraAlgorandAuthWebHook.csproj", "{6802A589-1F14-4DDA-B43A-72B00333494C}"
EndProject
Global
	GlobalSection(SolutionConfigurationPlatforms) = preSolution
		Debug|Any CPU = Debug|Any CPU
		Release|Any CPU = Release|Any CPU
	EndGlobalSection
	GlobalSection(ProjectConfigurationPlatforms) = postSolution
		{6802A589-1F14-4DDA-B43A-72B00333494C}.Debug|Any CPU.ActiveCfg = Debug|Any CPU
		{6802A589-1F14-4DDA-B43A-72B00333494C}.Debug|Any CPU.Build.0 = Debug|Any CPU
		{6802A589-1F14-4DDA-B43A-72B00333494C}.Release|Any CPU.ActiveCfg = Release|Any CPU
		{6802A589-1F14-4DDA-B43A-72B00333494C}.Release|Any CPU.Build.0 = Release|Any CPU
	EndGlobalSection
	GlobalSection(SolutionProperties) = preSolution
		HideSolutionNode = FALSE
	EndGlobalSection
	GlobalSection(ExtensibilityGlobals) = postSolution
		SolutionGuid = {E92DBDAE-4814-46EF-9691-C303426C8D8F}
	EndGlobalSection
EndGlobal
